# THIS IS AN AUTOGENERATED FILE. DO NOT EDIT THIS FILE DIRECTLY.
# yarn lockfile v1


angular-animate@^1.6.5:
  version "1.7.3"
  resolved "https://registry.yarnpkg.com/angular-animate/-/angular-animate-1.7.3.tgz#99aa794d3417aa6a794f603c9c27ec0ee4c4b3b4"

angular-aria@^1.6.5:
  version "1.7.3"
  resolved "https://registry.yarnpkg.com/angular-aria/-/angular-aria-1.7.3.tgz#a545112da0daed875061ff49d1ac8964cfa51a8a"

angular-material-badge@^1.2.9:
  version "1.2.9"
  resolved "https://registry.yarnpkg.com/angular-material-badge/-/angular-material-badge-1.2.9.tgz#cf60a67d1fef9f1b4808f21ac8cea4879c08d080"
  dependencies:
    angular "^1.6.5"
    angular-animate "^1.6.5"
    angular-aria "^1.6.5"
    angular-material "^1.1.4"

angular-material@^1.1.4:
  version "1.1.10"
  resolved "https://registry.yarnpkg.com/angular-material/-/angular-material-1.1.10.tgz#fb93ba84f2734146cb9ca8ebf65bdc163d9f8471"

angular@^1.6.5:
  version "1.7.3"
  resolved "https://registry.yarnpkg.com/angular/-/angular-1.7.3.tgz#0f25a661d079fc84d5ccc877a2ef9d7178575ddb"
